Microsoft Visual Studio Solution File, Format Version 11.00
# Visual Studio 2008

Project("{77933845-ADF8-3758-A686-A08EA46F015E}") = "Scrabble", "Assembly-CSharp-vs.csproj", "{EE459F42-90F0-10CB-4F2B-9FDB4DD60944}"
EndProject
Global
	GlobalSection(SolutionConfigurationPlatforms) = preSolution
		Debug|Any CPU = Debug|Any CPU
		Release|Any CPU = Release|Any CPU
	EndGlobalSection
	GlobalSection(ProjectConfigurationPlatforms) = postSolution
		{EE459F42-90F0-10CB-4F2B-9FDB4DD60944}.Debug|Any CPU.ActiveCfg = Debug|Any CPU
		{EE459F42-90F0-10CB-4F2B-9FDB4DD60944}.Debug|Any CPU.Build.0 = Debug|Any CPU
		{EE459F42-90F0-10CB-4F2B-9FDB4DD60944}.Release|Any CPU.ActiveCfg = Release|Any CPU
		{EE459F42-90F0-10CB-4F2B-9FDB4DD60944}.Release|Any CPU.Build.0 = Release|Any CPU
	EndGlobalSection
	GlobalSection(SolutionProperties) = preSolution
		HideSolutionNode = FALSE
	EndGlobalSection
														GlobalSection(MonoDevelopProperties) = preSolution
=======
	GlobalSection(MonoDevelopProperties) = preSolution
>>>>>>> b0c8ddcc9b14a01c93504fee60850f966b8a9634
=======
<<<<<<< HEAD
										GlobalSection(MonoDevelopProperties) = preSolution
>>>>>>> 4e1aa8f51500fc97e9a4d948cf51ba186f6e9506
=======
							GlobalSection(MonoDevelopProperties) = preSolution
>>>>>>> bababb58e591e33706f078a6688195b1a3f4a669
		StartupItem = Assembly-CSharp.csproj
		Policies = $0
		$0.TextStylePolicy = $1
		$1.inheritsSet = null
		$1.scope = text/x-csharp
		$0.CSharpFormattingPolicy = $2
		$2.inheritsSet = Mono
		$2.inheritsScope = text/x-csharp
		$2.scope = text/x-csharp
		$0.TextStylePolicy = $3
		$3.FileWidth = 120
		$3.TabWidth = 4
		$3.IndentWidth = 4
		$3.EolMarker = Unix
		$3.inheritsSet = Mono
		$3.inheritsScope = text/plain
		$3.scope = text/plain
	EndGlobalSection

EndGlobal
